
Microsoft Visual Studio Solution File, Format Version 12.00
Project("{FAE04EC0-301F-11D3-BF4B-00C04F79EFBC}") = "Practice01", "Practice01\Practice01.csproj", "{B4A7EEA3-871D-4087-AAE1-7D7920A4E52B}"
EndProject
Project("{FAE04EC0-301F-11D3-BF4B-00C04F79EFBC}") = "Practice02", "Practice02\Practice02.csproj", "{83CB8A79-043F-4D51-944F-CBC61135C7E2}"
EndProject
Project("{FAE04EC0-301F-11D3-BF4B-00C04F79EFBC}") = "Practice03", "Practice03\Practice03.csproj", "{175C48C8-C175-4BAC-8E5D-52B43D66A8AD}"
EndProject
Project("{FAE04EC0-301F-11D3-BF4B-00C04F79EFBC}") = "Practice04", "Practice04\Practice04.csproj", "{73F3BF50-53A6-4232-99A3-681BCEF519F6}"
EndProject
Project("{FAE04EC0-301F-11D3-BF4B-00C04F79EFBC}") = "Practice05", "Practice05\Practice05.csproj", "{9F843F58-9EAC-4F19-95AB-E74D14C094E8}"
EndProject
Global
	GlobalSection(SolutionConfigurationPlatforms) = preSolution
		Debug|Any CPU = Debug|Any CPU
		Release|Any CPU = Release|Any CPU
	EndGlobalSection
	GlobalSection(ProjectConfigurationPlatforms) = postSolution
		{B4A7EEA3-871D-4087-AAE1-7D7920A4E52B}.Debug|Any CPU.ActiveCfg = Debug|Any CPU
		{B4A7EEA3-871D-4087-AAE1-7D7920A4E52B}.Debug|Any CPU.Build.0 = Debug|Any CPU
		{B4A7EEA3-871D-4087-AAE1-7D7920A4E52B}.Release|Any CPU.ActiveCfg = Release|Any CPU
		{B4A7EEA3-871D-4087-AAE1-7D7920A4E52B}.Release|Any CPU.Build.0 = Release|Any CPU
		{83CB8A79-043F-4D51-944F-CBC61135C7E2}.Debug|Any CPU.ActiveCfg = Debug|Any CPU
		{83CB8A79-043F-4D51-944F-CBC61135C7E2}.Debug|Any CPU.Build.0 = Debug|Any CPU
		{83CB8A79-043F-4D51-944F-CBC61135C7E2}.Release|Any CPU.ActiveCfg = Release|Any CPU
		{83CB8A79-043F-4D51-944F-CBC61135C7E2}.Release|Any CPU.Build.0 = Release|Any CPU
		{175C48C8-C175-4BAC-8E5D-52B43D66A8AD}.Debug|Any CPU.ActiveCfg = Debug|Any CPU
		{175C48C8-C175-4BAC-8E5D-52B43D66A8AD}.Debug|Any CPU.Build.0 = Debug|Any CPU
		{175C48C8-C175-4BAC-8E5D-52B43D66A8AD}.Release|Any CPU.ActiveCfg = Release|Any CPU
		{175C48C8-C175-4BAC-8E5D-52B43D66A8AD}.Release|Any CPU.Build.0 = Release|Any CPU
		{73F3BF50-53A6-4232-99A3-681BCEF519F6}.Debug|Any CPU.ActiveCfg = Debug|Any CPU
		{73F3BF50-53A6-4232-99A3-681BCEF519F6}.Debug|Any CPU.Build.0 = Debug|Any CPU
		{73F3BF50-53A6-4232-99A3-681BCEF519F6}.Release|Any CPU.ActiveCfg = Release|Any CPU
		{73F3BF50-53A6-4232-99A3-681BCEF519F6}.Release|Any CPU.Build.0 = Release|Any CPU
		{9F843F58-9EAC-4F19-95AB-E74D14C094E8}.Debug|Any CPU.ActiveCfg = Debug|Any CPU
		{9F843F58-9EAC-4F19-95AB-E74D14C094E8}.Debug|Any CPU.Build.0 = Debug|Any CPU
		{9F843F58-9EAC-4F19-95AB-E74D14C094E8}.Release|Any CPU.ActiveCfg = Release|Any CPU
		{9F843F58-9EAC-4F19-95AB-E74D14C094E8}.Release|Any CPU.Build.0 = Release|Any CPU
	EndGlobalSection
EndGlobal
